
Microsoft Visual Studio Solution File, Format Version 12.00
# Visual Studio Version 17
VisualStudioVersion = 17.4.33122.133
MinimumVisualStudioVersion = 10.0.40219.1
Project("{FAE04EC0-301F-11D3-BF4B-00C04F79EFBC}") = "Sync2FA.Windows", "Sync2FA.Windows\Sync2FA.Windows.csproj", "{E5FCF945-5B81-4253-AB83-737FA943B664}"
EndProject
Global
	GlobalSection(SolutionConfigurationPlatforms) = preSolution
		Debug|Any CPU = Debug|Any CPU
		Release|Any CPU = Release|Any CPU
	EndGlobalSection
	GlobalSection(ProjectConfigurationPlatforms) = postSolution
		{E5FCF945-5B81-4253-AB83-737FA943B664}.Debug|Any CPU.ActiveCfg = Debug|Any CPU
		{E5FCF945-5B81-4253-AB83-737FA943B664}.Debug|Any CPU.Build.0 = Debug|Any CPU
		{E5FCF945-5B81-4253-AB83-737FA943B664}.Release|Any CPU.ActiveCfg = Release|Any CPU
		{E5FCF945-5B81-4253-AB83-737FA943B664}.Release|Any CPU.Build.0 = Release|Any CPU
	EndGlobalSection
	GlobalSection(SolutionProperties) = preSolution
		HideSolutionNode = FALSE
	EndGlobalSection
	GlobalSection(ExtensibilityGlobals) = postSolution
		SolutionGuid = {DDEFA025-33D5-4D5E-B99A-8B379CE19F57}
	EndGlobalSection
EndGlobal
